PODS:
  - connectivity_plus_macos (0.0.1):
    - FlutterMacOS
    - ReachabilitySwift
  - flutter_platform_alert (0.0.1):
    - FlutterMacOS
  - FlutterMacOS (1.0.0)
  - package_info_plus_macos (0.0.1):
    - FlutterMacOS
  - path_provider_macos (0.0.1):
    - FlutterMacOS
  - purchases_flutter (4.0.0):
    - FlutterMacOS
    - PurchasesHybridCommon (= 3.3.0)
  - PurchasesHybridCommon (3.3.0):
    - RevenueCat (= 4.9.0)
  - ReachabilitySwift (5.0.0)
  - RevenueCat (4.9.0)
  - screen_retriever (0.0.1):
    - FlutterMacOS
  - share_plus_macos (0.0.1):
    - FlutterMacOS
  - shared_preferences_macos (0.0.1):
    - FlutterMacOS
  - url_launcher_macos (0.0.1):
    - FlutterMacOS
  - window_manager (0.2.0):
    - FlutterMacOS

DEPENDENCIES:
  - connectivity_plus_macos (from `Flutter/ephemeral/.symlinks/plugins/connectivity_plus_macos/macos`)
  - flutter_platform_alert (from `Flutter/ephemeral/.symlinks/plugins/flutter_platform_alert/macos`)
  - FlutterMacOS (from `Flutter/ephemeral`)
  - package_info_plus_macos (from `Flutter/ephemeral/.symlinks/plugins/package_info_plus_macos/macos`)
  - path_provider_macos (from `Flutter/ephemeral/.symlinks/plugins/path_provider_macos/macos`)
  - purchases_flutter (from `Flutter/ephemeral/.symlinks/plugins/purchases_flutter/macos`)
  - screen_retriever (from `Flutter/ephemeral/.symlinks/plugins/screen_retriever/macos`)
  - share_plus_macos (from `Flutter/ephemeral/.symlinks/plugins/share_plus_macos/macos`)
  - shared_preferences_macos (from `Flutter/ephemeral/.symlinks/plugins/shared_preferences_macos/macos`)
  - url_launcher_macos (from `Flutter/ephemeral/.symlinks/plugins/url_launcher_macos/macos`)
  - window_manager (from `Flutter/ephemeral/.symlinks/plugins/window_manager/macos`)

SPEC REPOS:
  trunk:
    - PurchasesHybridCommon
    - ReachabilitySwift
    - RevenueCat

EXTERNAL SOURCES:
  connectivity_plus_macos:
    :path: Flutter/ephemeral/.symlinks/plugins/connectivity_plus_macos/macos
  flutter_platform_alert:
    :path: Flutter/ephemeral/.symlinks/plugins/flutter_platform_alert/macos
  FlutterMacOS:
    :path: Flutter/ephemeral
  package_info_plus_macos:
    :path: Flutter/ephemeral/.symlinks/plugins/package_info_plus_macos/macos
  path_provider_macos:
    :path: Flutter/ephemeral/.symlinks/plugins/path_provider_macos/macos
  purchases_flutter:
    :path: Flutter/ephemeral/.symlinks/plugins/purchases_flutter/macos
  screen_retriever:
    :path: Flutter/ephemeral/.symlinks/plugins/screen_retriever/macos
  share_plus_macos:
    :path: Flutter/ephemeral/.symlinks/plugins/share_plus_macos/macos
  shared_preferences_macos:
    :path: Flutter/ephemeral/.symlinks/plugins/shared_preferences_macos/macos
  url_launcher_macos:
    :path: Flutter/ephemeral/.symlinks/plugins/url_launcher_macos/macos
  window_manager:
    :path: Flutter/ephemeral/.symlinks/plugins/window_manager/macos

SPEC CHECKSUMS:
  connectivity_plus_macos: f6e86fd000e971d361e54b5afcadc8c8fa773308
  flutter_platform_alert: b21b2b7d801e71c12ce9ffab618ff114ca9fc903
  FlutterMacOS: ae6af50a8ea7d6103d888583d46bd8328a7e9811
  package_info_plus_macos: f010621b07802a241d96d01876d6705f15e77c1c
  path_provider_macos: 3c0c3b4b0d4a76d2bf989a913c2de869c5641a19
  purchases_flutter: a9edc9b7120b00d769ff4d81a1c3d7f2ade49164
  PurchasesHybridCommon: 5c3e18d6813dc1c256d2fb9f295d73d2230d46d1
  ReachabilitySwift: 985039c6f7b23a1da463388634119492ff86c825
  RevenueCat: d5ec5e2944eedce83497218f0dc01eda546dd7a7
  screen_retriever: 59634572a57080243dd1bf715e55b6c54f241a38
  share_plus_macos: 853ee48e7dce06b633998ca0735d482dd671ade4
  shared_preferences_macos: a64dc611287ed6cbe28fd1297898db1336975727
  url_launcher_macos: 597e05b8e514239626bcf4a850fcf9ef5c856ec3
  window_manager: 3a1844359a6295ab1e47659b1a777e36773cd6e8

PODFILE CHECKSUM: 353c8bcc5d5b0994e508d035b5431cfe18c1dea7

COCOAPODS: 1.11.3
